
Microsoft Visual Studio Solution File, Format Version 12.00
# Visual Studio Version 16
VisualStudioVersion = 16.0.31321.278
MinimumVisualStudioVersion = 10.0.40219.1
Project("{FAE04EC0-301F-11D3-BF4B-00C04F79EFBC}") = "WpfDataGrid", "WpfDataGrid.csproj", "{0EA1ADB7-C3AD-4C43-B6C5-ED373CF0F119}"
EndProject
Global
	GlobalSection(SolutionConfigurationPlatforms) = preSolution
		Debug|Any CPU = Debug|Any CPU
		Release|Any CPU = Release|Any CPU
	EndGlobalSection
	GlobalSection(ProjectConfigurationPlatforms) = postSolution
		{0EA1ADB7-C3AD-4C43-B6C5-ED373CF0F119}.Debug|Any CPU.ActiveCfg = Debug|Any CPU
		{0EA1ADB7-C3AD-4C43-B6C5-ED373CF0F119}.Debug|Any CPU.Build.0 = Debug|Any CPU
		{0EA1ADB7-C3AD-4C43-B6C5-ED373CF0F119}.Release|Any CPU.ActiveCfg = Release|Any CPU
		{0EA1ADB7-C3AD-4C43-B6C5-ED373CF0F119}.Release|Any CPU.Build.0 = Release|Any CPU
	EndGlobalSection
	GlobalSection(SolutionProperties) = preSolution
		HideSolutionNode = FALSE
	EndGlobalSection
	GlobalSection(ExtensibilityGlobals) = postSolution
		SolutionGuid = {01E905D1-27CB-432F-8165-73A06D105A73}
	EndGlobalSection
EndGlobal
